
Microsoft Visual Studio Solution File, Format Version 12.00
# Visual Studio Version 17
VisualStudioVersion = 17.0.31903.59
MinimumVisualStudioVersion = 10.0.40219.1
Project("{2150E333-8FDC-42A3-9474-1A3956D46DE8}") = "kafka-transaction-example", "kafka-transaction-example", "{60E7C65E-D269-4A62-935E-F02982169658}"
EndProject
Project("{FAE04EC0-301F-11D3-BF4B-00C04F79EFBC}") = "kafka-transactions-example", "kafka-transaction-example\kafka-transactions-example.csproj", "{2DB53BCD-CB33-44D1-902F-96A6C651A5F6}"
EndProject
Global
	GlobalSection(SolutionConfigurationPlatforms) = preSolution
		Debug|Any CPU = Debug|Any CPU
		Release|Any CPU = Release|Any CPU
	EndGlobalSection
	GlobalSection(ProjectConfigurationPlatforms) = postSolution
		{2DB53BCD-CB33-44D1-902F-96A6C651A5F6}.Debug|Any CPU.ActiveCfg = Debug|Any CPU
		{2DB53BCD-CB33-44D1-902F-96A6C651A5F6}.Debug|Any CPU.Build.0 = Debug|Any CPU
		{2DB53BCD-CB33-44D1-902F-96A6C651A5F6}.Release|Any CPU.ActiveCfg = Release|Any CPU
		{2DB53BCD-CB33-44D1-902F-96A6C651A5F6}.Release|Any CPU.Build.0 = Release|Any CPU
	EndGlobalSection
	GlobalSection(SolutionProperties) = preSolution
		HideSolutionNode = FALSE
	EndGlobalSection
	GlobalSection(NestedProjects) = preSolution
		{2DB53BCD-CB33-44D1-902F-96A6C651A5F6} = {60E7C65E-D269-4A62-935E-F02982169658}
	EndGlobalSection
EndGlobal
